// !$*UTF8*$!
{
	archiveVersion = 1;
	classes = {
	};
	objectVersion = 46;
	objects = {

/* Begin PBXBuildFile section */
		D20D1A9C1F19FB1300029E48 /* main.m in Sources */ = {isa = PBXBuildFile; fileRef = D20D1A9B1F19FB1300029E48 /* main.m */; };
		D20D1A9F1F19FB1300029E48 /* AppDelegate.m in Sources */ = {isa = PBXBuildFile; fileRef = D20D1A9E1F19FB1300029E48 /* AppDelegate.m */; };
		D20D1AA21F19FB1300029E48 /* ViewController.m in Sources */ = {isa = PBXBuildFile; fileRef = D20D1AA11F19FB1300029E48 /* ViewController.m */; };
		D20D1AA51F19FB1300029E48 /* Main.storyboard in Resources */ = {isa = PBXBuildFile; fileRef = D20D1AA31F19FB1300029E48 /* Main.storyboard */; };
		D20D1AA71F19FB1300029E48 /* Assets.xcassets in Resources */ = {isa = PBXBuildFile; fileRef = D20D1AA61F19FB1300029E48 /* Assets.xcassets */; };
		D20D1AAA1F19FB1300029E48 /* LaunchScreen.storyboard in Resources */ = {isa = PBXBuildFile; fileRef = D20D1AA81F19FB1300029E48 /* LaunchScreen.storyboard */; };
		D20D1AB51F19FB1400029E48 /* NavigationTestTests.m in Sources */ = {isa = PBXBuildFile; fileRef = D20D1AB41F19FB1400029E48 /* NavigationTestTests.m */; };
		D20D1AC01F19FB1400029E48 /* NavigationTestUITests.m in Sources */ = {isa = PBXBuildFile; fileRef = D20D1ABF1F19FB1400029E48 /* NavigationTestUITests.m */; };
		D276F7941F5D254800CDA7DD /* 2@2x.png in Resources */ = {isa = PBXBuildFile; fileRef = D276F7931F5D254800CDA7DD /* 2@2x.png */; };
		D276F7961F5D2C1C00CDA7DD /* 1@2x.png in Resources */ = {isa = PBXBuildFile; fileRef = D276F7951F5D2C1C00CDA7DD /* 1@2x.png */; };
		D2C115801F6391B3002DA4EE /* NextVC.m in Sources */ = {isa = PBXBuildFile; fileRef = D2C1157F1F6391B3002DA4EE /* NextVC.m */; };
		D2C115831F63CEB9002DA4EE /* UINavigationController+SetNavBarAlpha.m in Sources */ = {isa = PBXBuildFile; fileRef = D2C115821F63CEB9002DA4EE /* UINavigationController+SetNavBarAlpha.m */; };
/* End PBXBuildFile section */

/* Begin PBXContainerItemProxy section */
		D20D1AB11F19FB1400029E48 /* PBXContainerItemProxy */ = {
			isa = PBXContainerItemProxy;
			containerPortal = D20D1A8F1F19FB1300029E48 /* Project object */;
			proxyType = 1;
			remoteGlobalIDString = D20D1A961F19FB1300029E48;
			remoteInfo = NavigationTest;
		};
		D20D1ABC1F19FB1400029E48 /* PBXContainerItemProxy */ = {
			isa = PBXContainerItemProxy;
			containerPortal = D20D1A8F1F19FB1300029E48 /* Project object */;
			proxyType = 1;
			remoteGlobalIDString = D20D1A961F19FB1300029E48;
			remoteInfo = NavigationTest;
		};
/* End PBXContainerItemProxy section */

/* Begin PBXFileReference section */
		D20D1A971F19FB1300029E48 /* NavigationTest.app */ = {isa = PBXFileReference; explicitFileType = wrapper.application; includeInIndex = 0; path = NavigationTest.app; sourceTree = BUILT_PRODUCTS_DIR; };
		D20D1A9B1F19FB1300029E48 /* main.m */ = {isa = PBXFileReference; lastKnownFileType = sourcecode.c.objc; path = main.m; sourceTree = "<group>"; };
		D20D1A9D1F19FB1300029E48 /* AppDelegate.h */ = {isa = PBXFileReference; lastKnownFileType = sourcecode.c.h; path = AppDelegate.h; sourceTree = "<group>"; };
		D20D1A9E1F19FB1300029E48 /* AppDelegate.m */ = {isa = PBXFileReference; lastKnownFileType = sourcecode.c.objc; path = AppDelegate.m; sourceTree = "<group>"; };
		D20D1AA01F19FB1300029E48 /* ViewController.h */ = {isa = PBXFileReference; lastKnownFileType = sourcecode.c.h; path = ViewController.h; sourceTree = "<group>"; };
		D20D1AA11F19FB1300029E48 /* ViewController.m */ = {isa = PBXFileReference; lastKnownFileType = sourcecode.c.objc; path = ViewController.m; sourceTree = "<group>"; };
		D20D1AA41F19FB1300029E48 /* Base */ = {isa = PBXFileReference; lastKnownFileType = file.storyboard; name = Base; path = Base.lproj/Main.storyboard; sourceTree = "<group>"; };
		D20D1AA61F19FB1300029E48 /* Assets.xcassets */ = {isa = PBXFileReference; lastKnownFileType = folder.assetcatalog; path = Assets.xcassets; sourceTree = "<group>"; };
		D20D1AA91F19FB1300029E48 /* Base */ = {isa = PBXFileReference; lastKnownFileType = file.storyboard; name = Base; path = Base.lproj/LaunchScreen.storyboard; sourceTree = "<group>"; };
		D20D1AAB1F19FB1300029E48 /* Info.plist */ = {isa = PBXFileReference; lastKnownFileType = text.plist.xml; path = Info.plist; sourceTree = "<group>"; };
		D20D1AB01F19FB1400029E48 /* NavigationTestTests.xctest */ = {isa = PBXFileReference; explicitFileType = wrapper.cfbundle; includeInIndex = 0; path = NavigationTestTests.xctest; sourceTree = BUILT_PRODUCTS_DIR; };
		D20D1AB41F19FB1400029E48 /* NavigationTestTests.m */ = {isa = PBXFileReference; lastKnownFileType = sourcecode.c.objc; path = NavigationTestTests.m; sourceTree = "<group>"; };
		D20D1AB61F19FB1400029E48 /* Info.plist */ = {isa = PBXFileReference; lastKnownFileType = text.plist.xml; path = Info.plist; sourceTree = "<group>"; };
		D20D1ABB1F19FB1400029E48 /* NavigationTestUITests.xctest */ = {isa = PBXFileReference; explicitFileType = wrapper.cfbundle; includeInIndex = 0; path = NavigationTestUITests.xctest; sourceTree = BUILT_PRODUCTS_DIR; };
		D20D1ABF1F19FB1400029E48 /* NavigationTestUITests.m */ = {isa = PBXFileReference; lastKnownFileType = sourcecode.c.objc; path = NavigationTestUITests.m; sourceTree = "<group>"; };
		D20D1AC11F19FB1400029E48 /* Info.plist */ = {isa = PBXFileReference; lastKnownFileType = text.plist.xml; path = Info.plist; sourceTree = "<group>"; };
		D276F7931F5D254800CDA7DD /* 2@2x.png */ = {isa = PBXFileReference; lastKnownFileType = image.png; path = "2@2x.png"; sourceTree = "<group>"; };
		D276F7951F5D2C1C00CDA7DD /* 1@2x.png */ = {isa = PBXFileReference; lastKnownFileType = image.png; path = "1@2x.png"; sourceTree = "<group>"; };
		D2C1157E1F6391B3002DA4EE /* NextVC.h */ = {isa = PBXFileReference; fileEncoding = 4; lastKnownFileType = sourcecode.c.h; path = NextVC.h; sourceTree = "<group>"; };
		D2C1157F1F6391B3002DA4EE /* NextVC.m */ = {isa = PBXFileReference; fileEncoding = 4; lastKnownFileType = sourcecode.c.objc; path = NextVC.m; sourceTree = "<group>"; };
		D2C115811F63CEB8002DA4EE /* UINavigationController+SetNavBarAlpha.h */ = {isa = PBXFileReference; fileEncoding = 4; lastKnownFileType = sourcecode.c.h; path = "UINavigationController+SetNavBarAlpha.h"; sourceTree = "<group>"; };
		D2C115821F63CEB9002DA4EE /* UINavigationController+SetNavBarAlpha.m */ = {isa = PBXFileReference; fileEncoding = 4; lastKnownFileType = sourcecode.c.objc; path = "UINavigationController+SetNavBarAlpha.m"; sourceTree = "<group>"; };
/* End PBXFileReference section */

/* Begin PBXFrameworksBuildPhase section */
		D20D1A941F19FB1300029E48 /* Frameworks */ = {
			isa = PBXFrameworksBuildPhase;
			buildActionMask = 2147483647;
			files = (
			);
			runOnlyForDeploymentPostprocessing = 0;
		};
		D20D1AAD1F19FB1400029E48 /* Frameworks */ = {
			isa = PBXFrameworksBuildPhase;
			buildActionMask = 2147483647;
			files = (
			);
			runOnlyForDeploymentPostprocessing = 0;
		};
		D20D1AB81F19FB1400029E48 /* Frameworks */ = {
			isa = PBXFrameworksBuildPhase;
			buildActionMask = 2147483647;
			files = (
			);
			runOnlyForDeploymentPostprocessing = 0;
		};
/* End PBXFrameworksBuildPhase section */

/* Begin PBXGroup section */
		D20D1A8E1F19FB1300029E48 = {
			isa = PBXGroup;
			children = (
				D20D1A991F19FB1300029E48 /* NavigationTest */,
				D20D1AB31F19FB1400029E48 /* NavigationTestTests */,
				D20D1ABE1F19FB1400029E48 /* NavigationTestUITests */,
				D20D1A981F19FB1300029E48 /* Products */,
			);
			sourceTree = "<group>";
		};
		D20D1A981F19FB1300029E48 /* Products */ = {
			isa = PBXGroup;
			children = (
				D20D1A971F19FB1300029E48 /* NavigationTest.app */,
				D20D1AB01F19FB1400029E48 /* NavigationTestTests.xctest */,
				D20D1ABB1F19FB1400029E48 /* NavigationTestUITests.xctest */,
			);
			name = Products;
			sourceTree = "<group>";
		};
		D20D1A991F19FB1300029E48 /* NavigationTest */ = {
			isa = PBXGroup;
			children = (
				D20D1A9D1F19FB1300029E48 /* AppDelegate.h */,
				D20D1A9E1F19FB1300029E48 /* AppDelegate.m */,
				D20D1AA01F19FB1300029E48 /* ViewController.h */,
				D20D1AA11F19FB1300029E48 /* ViewController.m */,
				D2C1157E1F6391B3002DA4EE /* NextVC.h */,
				D2C1157F1F6391B3002DA4EE /* NextVC.m */,
				D2C115811F63CEB8002DA4EE /* UINavigationController+SetNavBarAlpha.h */,
				D2C115821F63CEB9002DA4EE /* UINavigationController+SetNavBarAlpha.m */,
				D20D1A9A1F19FB1300029E48 /* Supporting Files */,
			);
			path = NavigationTest;
			sourceTree = "<group>";
		};
		D20D1A9A1F19FB1300029E48 /* Supporting Files */ = {
			isa = PBXGroup;
			children = (
				D276F7951F5D2C1C00CDA7DD /* 1@2x.png */,
				D276F7931F5D254800CDA7DD /* 2@2x.png */,
				D20D1AA31F19FB1300029E48 /* Main.storyboard */,
				D20D1AA61F19FB1300029E48 /* Assets.xcassets */,
				D20D1AA81F19FB1300029E48 /* LaunchScreen.storyboard */,
				D20D1AAB1F19FB1300029E48 /* Info.plist */,
				D20D1A9B1F19FB1300029E48 /* main.m */,
			);
			name = "Supporting Files";
			sourceTree = "<group>";
		};
		D20D1AB31F19FB1400029E48 /* NavigationTestTests */ = {
			isa = PBXGroup;
			children = (
				D20D1AB41F19FB1400029E48 /* NavigationTestTests.m */,
				D20D1AB61F19FB1400029E48 /* Info.plist */,
			);
			path = NavigationTestTests;
			sourceTree = "<group>";
		};
		D20D1ABE1F19FB1400029E48 /* NavigationTestUITests */ = {
			isa = PBXGroup;
			children = (
				D20D1ABF1F19FB1400029E48 /* NavigationTestUITests.m */,
				D20D1AC11F19FB1400029E48 /* Info.plist */,
			);
			path = NavigationTestUITests;
			sourceTree = "<group>";
		};
/* End PBXGroup section */

/* Begin PBXNativeTarget section */
		D20D1A961F19FB1300029E48 /* NavigationTest */ = {
			isa = PBXNativeTarget;
			buildConfigurationList = D20D1AC41F19FB1400029E48 /* Build configuration list for PBXNativeTarget "NavigationTest" */;
			buildPhases = (
				D20D1A931F19FB1300029E48 /* Sources */,
				D20D1A941F19FB1300029E48 /* Frameworks */,
				D20D1A951F19FB1300029E48 /* Resources */,
			);
			buildRules = (
			);
			dependencies = (
			);
			name = NavigationTest;
			productName = NavigationTest;
			productReference = D20D1A971F19FB1300029E48 /* NavigationTest.app */;
			productType = "com.apple.product-type.application";
		};
		D20D1AAF1F19FB1400029E48 /* NavigationTestTests */ = {
			isa = PBXNativeTarget;
			buildConfigurationList = D20D1AC71F19FB1400029E48 /* Build configuration list for PBXNativeTarget "NavigationTestTests" */;
			buildPhases = (
				D20D1AAC1F19FB1400029E48 /* Sources */,
				D20D1AAD1F19FB1400029E48 /* Frameworks */,
				D20D1AAE1F19FB1400029E48 /* Resources */,
			);
			buildRules = (
			);
			dependencies = (
				D20D1AB21F19FB1400029E48 /* PBXTargetDependency */,
			);
			name = NavigationTestTests;
			productName = NavigationTestTests;
			productReference = D20D1AB01F19FB1400029E48 /* NavigationTestTests.xctest */;
			productType = "com.apple.product-type.bundle.unit-test";
		};
		D20D1ABA1F19FB1400029E48 /* NavigationTestUITests */ = {
			isa = PBXNativeTarget;
			buildConfigurationList = D20D1ACA1F19FB1400029E48 /* Build configuration list for PBXNativeTarget "NavigationTestUITests" */;
			buildPhases = (
				D20D1AB71F19FB1400029E48 /* Sources */,
				D20D1AB81F19FB1400029E48 /* Frameworks */,
				D20D1AB91F19FB1400029E48 /* Resources */,
			);
			buildRules = (
			);
			dependencies = (
				D20D1ABD1F19FB1400029E48 /* PBXTargetDependency */,
			);
			name = NavigationTestUITests;
			productName = NavigationTestUITests;
			productReference = D20D1ABB1F19FB1400029E48 /* NavigationTestUITests.xctest */;
			productType = "com.apple.product-type.bundle.ui-testing";
		};
/* End PBXNativeTarget section */

/* Begin PBXProject section */
		D20D1A8F1F19FB1300029E48 /* Project object */ = {
			isa = PBXProject;
			attributes = {
				LastUpgradeCheck = 0820;
				ORGANIZATIONNAME = "Company-DWL（公司名）";
				TargetAttributes = {
					D20D1A961F19FB1300029E48 = {
						CreatedOnToolsVersion = 8.2.1;
						ProvisioningStyle = Automatic;
					};
					D20D1AAF1F19FB1400029E48 = {
						CreatedOnToolsVersion = 8.2.1;
						ProvisioningStyle = Automatic;
						TestTargetID = D20D1A961F19FB1300029E48;
					};
					D20D1ABA1F19FB1400029E48 = {
						CreatedOnToolsVersion = 8.2.1;
						ProvisioningStyle = Automatic;
						TestTargetID = D20D1A961F19FB1300029E48;
					};
				};
			};
			buildConfigurationList = D20D1A921F19FB1300029E48 /* Build configuration list for PBXProject "NavigationTest" */;
			compatibilityVersion = "Xcode 3.2";
			developmentRegion = English;
			hasScannedForEncodings = 0;
			knownRegions = (
				en,
				Base,
			);
			mainGroup = D20D1A8E1F19FB1300029E48;
			productRefGroup = D20D1A981F19FB1300029E48 /* Products */;
			projectDirPath = "";
			projectRoot = "";
			targets = (
				D20D1A961F19FB1300029E48 /* NavigationTest */,
				D20D1AAF1F19FB1400029E48 /* NavigationTestTests */,
				D20D1ABA1F19FB1400029E48 /* NavigationTestUITests */,
			);
		};
/* End PBXProject section */

/* Begin PBXResourcesBuildPhase section */
		D20D1A951F19FB1300029E48 /* Resources */ = {
			isa = PBXResourcesBuildPhase;
			buildActionMask = 2147483647;
			files = (
				D20D1AAA1F19FB1300029E48 /* LaunchScreen.storyboard in Resources */,
				D276F7941F5D254800CDA7DD /* 2@2x.png in Resources */,
				D20D1AA71F19FB1300029E48 /* Assets.xcassets in Resources */,
				D20D1AA51F19FB1300029E48 /* Main.storyboard in Resources */,
				D276F7961F5D2C1C00CDA7DD /* 1@2x.png in Resources */,
			);
			runOnlyForDeploymentPostprocessing = 0;
		};
		D20D1AAE1F19FB1400029E48 /* Resources */ = {
			isa = PBXResourcesBuildPhase;
			buildActionMask = 2147483647;
			files = (
			);
			runOnlyForDeploymentPostprocessing = 0;
		};
		D20D1AB91F19FB1400029E48 /* Resources */ = {
			isa = PBXResourcesBuildPhase;
			buildActionMask = 2147483647;
			files = (
			);
			runOnlyForDeploymentPostprocessing = 0;
		};
/* End PBXResourcesBuildPhase section */

/* Begin PBXSourcesBuildPhase section */
		D20D1A931F19FB1300029E48 /* Sources */ = {
			isa = PBXSourcesBuildPhase;
			buildActionMask = 2147483647;
			files = (
				D20D1AA21F19FB1300029E48 /* ViewController.m in Sources */,
				D20D1A9F1F19FB1300029E48 /* AppDelegate.m in Sources */,
				D20D1A9C1F19FB1300029E48 /* main.m in Sources */,
				D2C115831F63CEB9002DA4EE /* UINavigationController+SetNavBarAlpha.m in Sources */,
				D2C115801F6391B3002DA4EE /* NextVC.m in Sources */,
			);
			runOnlyForDeploymentPostprocessing = 0;
		};
		D20D1AAC1F19FB1400029E48 /* Sources */ = {
			isa = PBXSourcesBuildPhase;
			buildActionMask = 2147483647;
			files = (
				D20D1AB51F19FB1400029E48 /* NavigationTestTests.m in Sources */,
			);
			runOnlyForDeploymentPostprocessing = 0;
		};
		D20D1AB71F19FB1400029E48 /* Sources */ = {
			isa = PBXSourcesBuildPhase;
			buildActionMask = 2147483647;
			files = (
				D20D1AC01F19FB1400029E48 /* NavigationTestUITests.m in Sources */,
			);
			runOnlyForDeploymentPostprocessing = 0;
		};
/* End PBXSourcesBuildPhase section */

/* Begin PBXTargetDependency section */
		D20D1AB21F19FB1400029E48 /* PBXTargetDependency */ = {
			isa = PBXTargetDependency;
			target = D20D1A961F19FB1300029E48 /* NavigationTest */;
			targetProxy = D20D1AB11F19FB1400029E48 /* PBXContainerItemProxy */;
		};
		D20D1ABD1F19FB1400029E48 /* PBXTargetDependency */ = {
			isa = PBXTargetDependency;
			target = D20D1A961F19FB1300029E48 /* NavigationTest */;
			targetProxy = D20D1ABC1F19FB1400029E48 /* PBXContainerItemProxy */;
		};
/* End PBXTargetDependency section */

/* Begin PBXVariantGroup section */
		D20D1AA31F19FB1300029E48 /* Main.storyboard */ = {
			isa = PBXVariantGroup;
			children = (
				D20D1AA41F19FB1300029E48 /* Base */,
			);
			name = Main.storyboard;
			sourceTree = "<group>";
		};
		D20D1AA81F19FB1300029E48 /* LaunchScreen.storyboard */ = {
			isa = PBXVariantGroup;
			children = (
				D20D1AA91F19FB1300029E48 /* Base */,
			);
			name = LaunchScreen.storyboard;
			sourceTree = "<group>";
		};
/* End PBXVariantGroup section */

/* Begin XCBuildConfiguration section */
		D20D1AC21F19FB1400029E48 /* Debug */ = {
			isa = XCBuildConfiguration;
			buildSettings = {
				ALWAYS_SEARCH_USER_PATHS = NO;
				CLANG_ANALYZER_NONNULL = YES;
				CLANG_CXX_LANGUAGE_STANDARD = "gnu++0x";
				CLANG_CXX_LIBRARY = "libc++";
				CLANG_ENABLE_MODULES = YES;
				CLANG_ENABLE_OBJC_ARC = YES;
				CLANG_WARN_BOOL_CONVERSION = YES;
				CLANG_WARN_CONSTANT_CONVERSION = YES;
				CLANG_WARN_DIRECT_OBJC_ISA_USAGE = YES_ERROR;
				CLANG_WARN_DOCUMENTATION_COMMENTS = YES;
				CLANG_WARN_EMPTY_BODY = YES;
				CLANG_WARN_ENUM_CONVERSION = YES;
				CLANG_WARN_INFINITE_RECURSION = YES;
				CLANG_WARN_INT_CONVERSION = YES;
				CLANG_WARN_OBJC_ROOT_CLASS = YES_ERROR;
				CLANG_WARN_SUSPICIOUS_MOVE = YES;
				CLANG_WARN_UNREACHABLE_CODE = YES;
				CLANG_WARN__DUPLICATE_METHOD_MATCH = YES;
				"CODE_SIGN_IDENTITY[sdk=iphoneos*]" = "iPhone Developer";
				COPY_PHASE_STRIP = NO;
				DEBUG_INFORMATION_FORMAT = dwarf;
				ENABLE_STRICT_OBJC_MSGSEND = YES;
				ENABLE_TESTABILITY = YES;
				GCC_C_LANGUAGE_STANDARD = gnu99;
				GCC_DYNAMIC_NO_PIC = NO;
				GCC_NO_COMMON_BLOCKS = YES;
				GCC_OPTIMIZATION_LEVEL = 0;
				GCC_PREPROCESSOR_DEFINITIONS = (
					"DEBUG=1",
					"$(inherited)",
				);
				GCC_WARN_64_TO_32_BIT_CONVERSION = YES;
				GCC_WARN_ABOUT_RETURN_TYPE = YES_ERROR;
				GCC_WARN_UNDECLARED_SELECTOR = YES;
				GCC_WARN_UNINITIALIZED_AUTOS = YES_AGGRESSIVE;
				GCC_WARN_UNUSED_FUNCTION = YES;
				GCC_WARN_UNUSED_VARIABLE = YES;
				IPHONEOS_DEPLOYMENT_TARGET = 10.2;
				MTL_ENABLE_DEBUG_INFO = YES;
				ONLY_ACTIVE_ARCH = YES;
				SDKROOT = iphoneos;
			};
			name = Debug;
		};
		D20D1AC31F19FB1400029E48 /* Release */ = {
			isa = XCBuildConfiguration;
			buildSettings = {
				ALWAYS_SEARCH_USER_PATHS = NO;
				CLANG_ANALYZER_NONNULL = YES;
				CLANG_CXX_LANGUAGE_STANDARD = "gnu++0x";
				CLANG_CXX_LIBRARY = "libc++";
				CLANG_ENABLE_MODULES = YES;
				CLANG_ENABLE_OBJC_ARC = YES;
				CLANG_WARN_BOOL_CONVERSION = YES;
				CLANG_WARN_CONSTANT_CONVERSION = YES;
				CLANG_WARN_DIRECT_OBJC_ISA_USAGE = YES_ERROR;
				CLANG_WARN_DOCUMENTATION_COMMENTS = YES;
				CLANG_WARN_EMPTY_BODY = YES;
				CLANG_WARN_ENUM_CONVERSION = YES;
				CLANG_WARN_INFINITE_RECURSION = YES;
				CLANG_WARN_INT_CONVERSION = YES;
				CLANG_WARN_OBJC_ROOT_CLASS = YES_ERROR;
				CLANG_WARN_SUSPICIOUS_MOVE = YES;
				CLANG_WARN_UNREACHABLE_CODE = YES;
				CLANG_WARN__DUPLICATE_METHOD_MATCH = YES;
				"CODE_SIGN_IDENTITY[sdk=iphoneos*]" = "iPhone Developer";
				COPY_PHASE_STRIP = NO;
				DEBUG_INFORMATION_FORMAT = "dwarf-with-dsym";
				ENABLE_NS_ASSERTIONS = NO;
				ENABLE_STRICT_OBJC_MSGSEND = YES;
				GCC_C_LANGUAGE_STANDARD = gnu99;
				GCC_NO_COMMON_BLOCKS = YES;
				GCC_WARN_64_TO_32_BIT_CONVERSION = YES;
				GCC_WARN_ABOUT_RETURN_TYPE = YES_ERROR;
				GCC_WARN_UNDECLARED_SELECTOR = YES;
				GCC_WARN_UNINITIALIZED_AUTOS = YES_AGGRESSIVE;
				GCC_WARN_UNUSED_FUNCTION = YES;
				GCC_WARN_UNUSED_VARIABLE = YES;
				IPHONEOS_DEPLOYMENT_TARGET = 10.2;
				MTL_ENABLE_DEBUG_INFO = NO;
				SDKROOT = iphoneos;
				VALIDATE_PRODUCT = YES;
			};
			name = Release;
		};
		D20D1AC51F19FB1400029E48 /* Debug */ = {
			isa = XCBuildConfiguration;
			buildSettings = {
				ASSETCATALOG_COMPILER_APPICON_NAME = AppIcon;
				INFOPLIST_FILE = NavigationTest/Info.plist;
				LD_RUNPATH_SEARCH_PATHS = "$(inherited) @executable_path/Frameworks";
				PRODUCT_BUNDLE_IDENTIFIER = "com.companyWeb--------.NavigationTest";
				PRODUCT_NAME = "$(TARGET_NAME)";
			};
			name = Debug;
		};
		D20D1AC61F19FB1400029E48 /* Release */ = {
			isa = XCBuildConfiguration;
			buildSettings = {
				ASSETCATALOG_COMPILER_APPICON_NAME = AppIcon;
				INFOPLIST_FILE = NavigationTest/Info.plist;
				LD_RUNPATH_SEARCH_PATHS = "$(inherited) @executable_path/Frameworks";
				PRODUCT_BUNDLE_IDENTIFIER = "com.companyWeb--------.NavigationTest";
				PRODUCT_NAME = "$(TARGET_NAME)";
			};
			name = Release;
		};
		D20D1AC81F19FB1400029E48 /* Debug */ = {
			isa = XCBuildConfiguration;
			buildSettings = {
				BUNDLE_LOADER = "$(TEST_HOST)";
				INFOPLIST_FILE = NavigationTestTests/Info.plist;
				LD_RUNPATH_SEARCH_PATHS = "$(inherited) @executable_path/Frameworks @loader_path/Frameworks";
				PRODUCT_BUNDLE_IDENTIFIER = "com.companyWeb--------.NavigationTestTests";
				PRODUCT_NAME = "$(TARGET_NAME)";
				TEST_HOST = "$(BUILT_PRODUCTS_DIR)/NavigationTest.app/NavigationTest";
			};
			name = Debug;
		};
		D20D1AC91F19FB1400029E48 /* Release */ = {
			isa = XCBuildConfiguration;
			buildSettings = {
				BUNDLE_LOADER = "$(TEST_HOST)";
				INFOPLIST_FILE = NavigationTestTests/Info.plist;
				LD_RUNPATH_SEARCH_PATHS = "$(inherited) @executable_path/Frameworks @loader_path/Frameworks";
				PRODUCT_BUNDLE_IDENTIFIER = "com.companyWeb--------.NavigationTestTests";
				PRODUCT_NAME = "$(TARGET_NAME)";
				TEST_HOST = "$(BUILT_PRODUCTS_DIR)/NavigationTest.app/NavigationTest";
			};
			name = Release;
		};
		D20D1ACB1F19FB1400029E48 /* Debug */ = {
			isa = XCBuildConfiguration;
			buildSettings = {
				INFOPLIST_FILE = NavigationTestUITests/Info.plist;
				LD_RUNPATH_SEARCH_PATHS = "$(inherited) @executable_path/Frameworks @loader_path/Frameworks";
				PRODUCT_BUNDLE_IDENTIFIER = "com.companyWeb--------.NavigationTestUITests";
				PRODUCT_NAME = "$(TARGET_NAME)";
				TEST_TARGET_NAME = NavigationTest;
			};
			name = Debug;
		};
		D20D1ACC1F19FB1400029E48 /* Release */ = {
			isa = XCBuildConfiguration;
			buildSettings = {
				INFOPLIST_FILE = NavigationTestUITests/Info.plist;
				LD_RUNPATH_SEARCH_PATHS = "$(inherited) @executable_path/Frameworks @loader_path/Frameworks";
				PRODUCT_BUNDLE_IDENTIFIER = "com.companyWeb--------.NavigationTestUITests";
				PRODUCT_NAME = "$(TARGET_NAME)";
				TEST_TARGET_NAME = NavigationTest;
			};
			name = Release;
		};
/* End XCBuildConfiguration section */

/* Begin XCConfigurationList section */
		D20D1A921F19FB1300029E48 /* Build configuration list for PBXProject "NavigationTest" */ = {
			isa = XCConfigurationList;
			buildConfigurations = (
				D20D1AC21F19FB1400029E48 /* Debug */,
				D20D1AC31F19FB1400029E48 /* Release */,
			);
			defaultConfigurationIsVisible = 0;
			defaultConfigurationName = Release;
		};
		D20D1AC41F19FB1400029E48 /* Build configuration list for PBXNativeTarget "NavigationTest" */ = {
			isa = XCConfigurationList;
			buildConfigurations = (
				D20D1AC51F19FB1400029E48 /* Debug */,
				D20D1AC61F19FB1400029E48 /* Release */,
			);
			defaultConfigurationIsVisible = 0;
			defaultConfigurationName = Release;
		};
		D20D1AC71F19FB1400029E48 /* Build configuration list for PBXNativeTarget "NavigationTestTests" */ = {
			isa = XCConfigurationList;
			buildConfigurations = (
				D20D1AC81F19FB1400029E48 /* Debug */,
				D20D1AC91F19FB1400029E48 /* Release */,
			);
			defaultConfigurationIsVisible = 0;
			defaultConfigurationName = Release;
		};
		D20D1ACA1F19FB1400029E48 /* Build configuration list for PBXNativeTarget "NavigationTestUITests" */ = {
			isa = XCConfigurationList;
			buildConfigurations = (
				D20D1ACB1F19FB1400029E48 /* Debug */,
				D20D1ACC1F19FB1400029E48 /* Release */,
			);
			defaultConfigurationIsVisible = 0;
			defaultConfigurationName = Release;
		};
/* End XCConfigurationList section */
	};
	rootObject = D20D1A8F1F19FB1300029E48 /* Project object */;
}
